
Microsoft Visual Studio Solution File, Format Version 12.00
# Visual Studio Version 17
VisualStudioVersion = 17.7.34018.315
MinimumVisualStudioVersion = 10.0.40219.1
Project("{9A19103F-16F7-4668-BE54-9A1E7A4F7556}") = "ServiceRegistration", "ServiceRegistration\ServiceRegistration.csproj", "{2FD17B71-EF6C-41FE-BF5F-378AF209A1B7}"
EndProject
Project("{9A19103F-16F7-4668-BE54-9A1E7A4F7556}") = "ServiceRegistration.WebApi", "ServiceRegistration.WebApi\ServiceRegistration.WebApi.csproj", "{C6FCDAA0-E59B-4933-9AB9-C2898C289E4E}"
EndProject
Project("{2150E333-8FDC-42A3-9474-1A3956D46DE8}") = "Solution Items", "Solution Items", "{AE7D6B0C-1605-4844-80D5-F7DC5F1D42CB}"
	ProjectSection(SolutionItems) = preProject
		LICENSE = LICENSE
		README.md = README.md
	EndProjectSection
EndProject
Global
	GlobalSection(SolutionConfigurationPlatforms) = preSolution
		Debug|Any CPU = Debug|Any CPU
		Release|Any CPU = Release|Any CPU
	EndGlobalSection
	GlobalSection(ProjectConfigurationPlatforms) = postSolution
		{2FD17B71-EF6C-41FE-BF5F-378AF209A1B7}.Debug|Any CPU.ActiveCfg = Debug|Any CPU
		{2FD17B71-EF6C-41FE-BF5F-378AF209A1B7}.Debug|Any CPU.Build.0 = Debug|Any CPU
		{2FD17B71-EF6C-41FE-BF5F-378AF209A1B7}.Release|Any CPU.ActiveCfg = Release|Any CPU
		{2FD17B71-EF6C-41FE-BF5F-378AF209A1B7}.Release|Any CPU.Build.0 = Release|Any CPU
		{C6FCDAA0-E59B-4933-9AB9-C2898C289E4E}.Debug|Any CPU.ActiveCfg = Debug|Any CPU
		{C6FCDAA0-E59B-4933-9AB9-C2898C289E4E}.Debug|Any CPU.Build.0 = Debug|Any CPU
		{C6FCDAA0-E59B-4933-9AB9-C2898C289E4E}.Release|Any CPU.ActiveCfg = Release|Any CPU
		{C6FCDAA0-E59B-4933-9AB9-C2898C289E4E}.Release|Any CPU.Build.0 = Release|Any CPU
	EndGlobalSection
	GlobalSection(SolutionProperties) = preSolution
		HideSolutionNode = FALSE
	EndGlobalSection
	GlobalSection(ExtensibilityGlobals) = postSolution
		SolutionGuid = {84D30D94-76F5-4C1C-982B-F8779EB81BF1}
	EndGlobalSection
EndGlobal
